[[package]]
category = "dev"
description = "An unobtrusive argparse wrapper with natural syntax"
name = "argh"
optional = false
python-versions = "*"
version = "0.26.2"

[[package]]
category = "dev"
description = "A few extensions to pyyaml."
name = "aspy.yaml"
optional = false
python-versions = ">=2.7, !=3.0.*, !=3.1.*, !=3.2.*, !=3.3.*"
version = "1.3.0"

[package.dependencies]
pyyaml = "*"

[[package]]
category = "dev"
description = "Atomic file writes."
marker = "sys_platform == \"win32\""
name = "atomicwrites"
optional = false
python-versions = ">=2.7, !=3.0.*, !=3.1.*, !=3.2.*, !=3.3.*"
version = "1.3.0"

[[package]]
category = "main"
description = "Classes Without Boilerplate"
name = "attrs"
optional = false
python-versions = ">=2.7, !=3.0.*, !=3.1.*, !=3.2.*, !=3.3.*"
version = "19.3.0"

[[package]]
category = "main"
description = "Version-bump your software with a single command!"
name = "bumpversion"
optional = false
python-versions = "*"
version = "0.5.3"

[[package]]
category = "main"
description = "Python package for providing Mozilla's CA Bundle."
name = "certifi"
optional = false
python-versions = "*"
version = "2019.11.28"

[[package]]
category = "dev"
description = "Validate configuration and produce human readable error messages."
name = "cfgv"
optional = false
python-versions = ">=2.7, !=3.0.*, !=3.1.*, !=3.2.*, !=3.3.*"
version = "2.0.1"

[package.dependencies]
six = "*"

[[package]]
category = "main"
description = "Universal encoding detector for Python 2 and 3"
name = "chardet"
optional = false
python-versions = "*"
version = "3.0.4"

[[package]]
category = "main"
description = "Composable command line interface toolkit"
name = "click"
optional = false
python-versions = ">=2.7, !=3.0.*, !=3.1.*, !=3.2.*, !=3.3.*"
version = "7.0"

[[package]]
category = "dev"
description = "Cross-platform colored terminal text."
name = "colorama"
optional = false
python-versions = ">=2.7, !=3.0.*, !=3.1.*, !=3.2.*, !=3.3.*, !=3.4.*"
version = "0.4.3"

[[package]]
category = "dev"
description = "Code coverage measurement for Python"
name = "coverage"
optional = false
python-versions = ">=2.7, !=3.0.*, !=3.1.*, !=3.2.*, !=3.3.*, !=3.4.*, <4"
version = "5.0.1"

[[package]]
category = "dev"
description = "Pythonic argument parser, that will make you smile"
name = "docopt"
optional = false
python-versions = "*"
version = "0.6.2"

[[package]]
category = "main"
description = "A Git URL parsing module (supports parsing and rewriting)"
name = "giturlparse.py"
optional = false
python-versions = "*"
version = "0.0.5"

[[package]]
category = "dev"
description = "Heroku-like random name generator for python."
name = "haikunator"
optional = false
python-versions = "*"
version = "2.1.0"

[[package]]
category = "dev"
description = "An HTML Minifier"
name = "htmlmin"
optional = false
python-versions = "*"
version = "0.1.12"

[[package]]
category = "dev"
description = "File identification library for Python"
name = "identify"
optional = false
python-versions = "!=3.0.*,!=3.1.*,!=3.2.*,!=3.3.*,>=2.7"
version = "1.4.9"

[[package]]
category = "main"
description = "Internationalized Domain Names in Applications (IDNA)"
name = "idna"
optional = false
python-versions = ">=2.7, !=3.0.*, !=3.1.*, !=3.2.*, !=3.3.*"
version = "2.8"

[[package]]
category = "dev"
description = "Read metadata from Python packages"
marker = "python_version < \"3.8\""
name = "importlib-metadata"
optional = false
python-versions = "!=3.0.*,!=3.1.*,!=3.2.*,!=3.3.*,!=3.4.*,>=2.7"
version = "1.3.0"

[package.dependencies]
zipp = ">=0.5"

[[package]]
category = "dev"
description = "Read resources from Python packages"
marker = "python_version < \"3.7\""
name = "importlib-resources"
optional = false
python-versions = ">=2.7,!=3.0,!=3.1,!=3.2,!=3.3"
version = "1.0.2"

[[package]]
category = "main"
description = "A port of Ruby on Rails inflector to Python"
name = "inflection"
optional = false
python-versions = "*"
version = "0.3.1"

[[package]]
category = "dev"
description = "A very fast and expressive template engine."
name = "jinja2"
optional = false
python-versions = "*"
version = "2.10.3"

[package.dependencies]
MarkupSafe = ">=0.23"

[[package]]
category = "dev"
description = "JavaScript minifier."
name = "jsmin"
optional = false
python-versions = "*"
version = "2.2.2"

[[package]]
category = "dev"
description = "Python LiveReload is an awesome tool for web developers"
name = "livereload"
optional = false
python-versions = "*"
version = "2.6.1"

[package.dependencies]
six = "*"
tornado = "*"

[[package]]
category = "dev"
description = "A super-fast templating language that borrows the  best ideas from the existing templating languages."
name = "mako"
optional = false
python-versions = ">=2.7, !=3.0.*, !=3.1.*, !=3.2.*, !=3.3.*"
version = "1.1.0"

[package.dependencies]
MarkupSafe = ">=0.9.2"

[[package]]
category = "dev"
description = "Python implementation of Markdown."
name = "markdown"
optional = false
python-versions = ">=2.7,!=3.0.*,!=3.1.*,!=3.2.*,!=3.3.*,!=3.4.*"
version = "3.1.1"

[package.dependencies]
setuptools = ">=36"

[[package]]
category = "dev"
description = "This is an extension to Python-Markdown which provides an \"include\" function, similar to that found in LaTeX (and also the C pre-processor and Fortran). I originally wrote it for my FORD Fortran auto-documentation generator."
name = "markdown-include"
optional = false
python-versions = "*"
version = "0.5.1"

[package.dependencies]
markdown = "*"

[[package]]
category = "dev"
description = "Safely add untrusted strings to HTML/XML markup."
name = "markupsafe"
optional = false
python-versions = ">=2.7,!=3.0.*,!=3.1.*,!=3.2.*,!=3.3.*"
version = "1.1.1"

[[package]]
category = "dev"
description = "Project documentation with Markdown."
name = "mkdocs"
optional = false
python-versions = ">=2.7.9,!=3.0.*,!=3.1.*,!=3.2.*,!=3.3.*"
version = "1.0.4"

[package.dependencies]
Jinja2 = ">=2.7.1"
Markdown = ">=2.3.1"
PyYAML = ">=3.10"
click = ">=3.3"
livereload = ">=2.5.1"
tornado = ">=5.0"

[[package]]
category = "dev"
description = "A Material Design theme for MkDocs"
name = "mkdocs-material"
optional = false
python-versions = "*"
version = "4.6.0"

[package.dependencies]
Pygments = ">=2.2"
markdown = "<3.2"
mkdocs = ">=1"
mkdocs-minify-plugin = ">=0.2"
pymdown-extensions = ">=6.2,<6.3"

[[package]]
category = "dev"
description = "An MkDocs plugin to minify HTML and/or JS files prior to being written to disk"
name = "mkdocs-minify-plugin"
optional = false
python-versions = ">=2.7"
version = "0.2.1"

[package.dependencies]
htmlmin = ">=0.1.4"
jsmin = ">=2.2.2"
mkdocs = ">=1.0.4"

[[package]]
category = "dev"
description = "More routines for operating on iterables, beyond itertools"
name = "more-itertools"
optional = false
python-versions = ">=3.5"
version = "8.0.2"

[[package]]
category = "dev"
description = "Node.js virtual environment builder"
name = "nodeenv"
optional = false
python-versions = "*"
version = "1.3.3"

[[package]]
category = "dev"
description = "Core utilities for Python packages"
name = "packaging"
optional = false
python-versions = ">=2.7, !=3.0.*, !=3.1.*, !=3.2.*, !=3.3.*"
version = "19.2"

[package.dependencies]
pyparsing = ">=2.0.2"
six = "*"

[[package]]
category = "dev"
description = "File system general utilities"
name = "pathtools"
optional = false
python-versions = "*"
version = "0.1.2"

[[package]]
category = "dev"
description = "Auto-generate API documentation for Python projects."
name = "pdoc3"
optional = false
python-versions = ">= 3.5"
version = "0.6.4"

[package.dependencies]
mako = "*"
markdown = ">=3.0"

[[package]]
category = "dev"
description = "Backport of PEP 562."
name = "pep562"
optional = false
python-versions = "*"
version = "1.0"

[[package]]
category = "dev"
description = "plugin and hook calling mechanisms for python"
name = "pluggy"
optional = false
python-versions = ">=2.7, !=3.0.*, !=3.1.*, !=3.2.*, !=3.3.*"
version = "0.13.1"

[package.dependencies]
[package.dependencies.importlib-metadata]
python = "<3.8"
version = ">=0.12"

[[package]]
category = "main"
description = "Plumbum: shell combinators library"
name = "plumbum"
optional = false
python-versions = "*"
version = "1.6.8"

[[package]]
category = "dev"
description = "A framework for managing and maintaining multi-language pre-commit hooks."
name = "pre-commit"
optional = false
python-versions = ">=2.7, !=3.0.*, !=3.1.*, !=3.2.*, !=3.3.*, !=3.4.*"
version = "1.20.0"

[package.dependencies]
"aspy.yaml" = "*"
cfgv = ">=2.0.0"
identify = ">=1.0.0"
nodeenv = ">=0.11.1"
pyyaml = "*"
six = "*"
toml = "*"
virtualenv = ">=15.2"

[package.dependencies.importlib-metadata]
python = "<3.8"
version = "*"

[package.dependencies.importlib-resources]
python = "<3.7"
version = "*"

[[package]]
category = "dev"
description = "library with cross-python path, ini-parsing, io, code, log facilities"
name = "py"
optional = false
python-versions = ">=2.7, !=3.0.*, !=3.1.*, !=3.2.*, !=3.3.*"
version = "1.8.0"

[[package]]
category = "dev"
description = "Pygments is a syntax highlighting package written in Python."
name = "pygments"
optional = false
python-versions = ">=2.7, !=3.0.*, !=3.1.*, !=3.2.*, !=3.3.*, !=3.4.*"
version = "2.5.2"

[[package]]
category = "dev"
description = "Extension pack for Python Markdown."
name = "pymdown-extensions"
optional = false
python-versions = ">=2.7,!=3.0.*,!=3.1.*,!=3.2.*,!=3.3.*,!=3.4.*"
version = "6.2.1"

[package.dependencies]
Markdown = ">=3.0.1"
pep562 = "*"

[[package]]
category = "dev"
description = "Python parsing module"
name = "pyparsing"
optional = false
python-versions = ">=2.6, !=3.0.*, !=3.1.*, !=3.2.*"
version = "2.4.6"

[[package]]
category = "dev"
description = "pytest: simple powerful testing with Python"
name = "pytest"
optional = false
python-versions = ">=3.5"
version = "5.3.2"

[package.dependencies]
atomicwrites = ">=1.0"
attrs = ">=17.4.0"
colorama = "*"
more-itertools = ">=4.0.0"
packaging = "*"
pluggy = ">=0.12,<1.0"
py = ">=1.5.0"
wcwidth = "*"

[package.dependencies.importlib-metadata]
python = "<3.8"
version = ">=0.12"

[[package]]
category = "dev"
description = "Pytest plugin for measuring coverage."
name = "pytest-cov"
optional = false
python-versions = ">=2.7, !=3.0.*, !=3.1.*, !=3.2.*, !=3.3.*"
version = "2.8.1"

[package.dependencies]
coverage = ">=4.4"
pytest = ">=3.6"

[[package]]
category = "dev"
description = "pytest plugin for generating HTML reports"
name = "pytest-html"
optional = false
python-versions = "*"
version = "1.22.1"

[package.dependencies]
pytest = ">=3.0"
pytest-metadata = "*"

[[package]]
category = "dev"
description = "Plugin for generating Markdown reports for pytest results"
name = "pytest-md"
optional = false
python-versions = ">=3.6"
version = "0.2.0"

[package.dependencies]
pytest = ">=4.2.1"

[[package]]
category = "dev"
description = "pytest plugin for test session metadata"
name = "pytest-metadata"
optional = false
python-versions = "*"
version = "1.8.0"

[package.dependencies]
pytest = ">=2.9.0"

[[package]]
category = "dev"
description = "Thin-wrapper around the mock package for easier use with py.test"
name = "pytest-mock"
optional = false
python-versions = ">=2.7, !=3.0.*, !=3.1.*, !=3.2.*, !=3.3.*"
version = "1.13.0"

[package.dependencies]
pytest = ">=2.7"

[[package]]
category = "dev"
description = "Local continuous test runner with pytest and watchdog."
name = "pytest-watch"
optional = false
python-versions = "*"
version = "4.2.0"

[package.dependencies]
colorama = ">=0.3.3"
docopt = ">=0.4.0"
pytest = ">=2.6.4"
watchdog = ">=0.6.0"

[[package]]
category = "dev"
description = "YAML parser and emitter for Python"
name = "pyyaml"
optional = false
python-versions = ">=2.7, !=3.0.*, !=3.1.*, !=3.2.*, !=3.3.*"
version = "5.2"

[[package]]
category = "main"
description = "Python HTTP for Humans."
name = "requests"
optional = false
python-versions = ">=2.7, !=3.0.*, !=3.1.*, !=3.2.*, !=3.3.*, !=3.4.*"
version = "2.22.0"

[package.dependencies]
certifi = ">=2017.4.17"
chardet = ">=3.0.2,<3.1.0"
idna = ">=2.5,<2.9"
urllib3 = ">=1.21.1,<1.25.0 || >1.25.0,<1.25.1 || >1.25.1,<1.26"

[[package]]
category = "main"
description = "Persistent cache for requests library"
name = "requests-cache"
optional = false
python-versions = "*"
version = "0.5.2"

[package.dependencies]
requests = ">=1.1.0"

[[package]]
category = "dev"
description = "A utility library for mocking out the `requests` Python library."
name = "responses"
optional = false
python-versions = ">=2.7, !=3.0.*, !=3.1.*, !=3.2.*, !=3.3.*"
version = "0.10.9"

[package.dependencies]
requests = ">=2.0"
six = "*"

[[package]]
category = "main"
description = "A library implementing the 'SemVer' scheme."
name = "semantic-version"
optional = false
python-versions = ">=2.7, !=3.0.*, !=3.1.*, !=3.2.*, !=3.3.*"
version = "2.8.4"

[[package]]
category = "dev"
description = "Python 2 and 3 compatibility utilities"
name = "six"
optional = false
python-versions = ">=2.6, !=3.0.*, !=3.1.*"
version = "1.13.0"

[[package]]
category = "dev"
description = "Python Library for Tom's Obvious, Minimal Language"
name = "toml"
optional = false
python-versions = "*"
version = "0.10.0"

[[package]]
category = "dev"
description = "Tornado is a Python web framework and asynchronous networking library, originally developed at FriendFeed."
name = "tornado"
optional = false
python-versions = ">= 3.5"
version = "6.0.3"

[[package]]
category = "main"
description = "URI templates"
name = "uritemplate"
optional = false
python-versions = ">=2.7, !=3.0.*, !=3.1.*, !=3.2.*, !=3.3.*"
version = "3.0.1"

[[package]]
category = "main"
description = "HTTP library with thread-safe connection pooling, file post, and more."
name = "urllib3"
optional = false
python-versions = ">=2.7, !=3.0.*, !=3.1.*, !=3.2.*, !=3.3.*, <4"
version = "1.25.7"

[[package]]
category = "dev"
description = "Virtual Python Environment builder"
name = "virtualenv"
optional = false
python-versions = "!=3.0.*,!=3.1.*,!=3.2.*,!=3.3.*,>=2.7"
version = "16.7.9"

[[package]]
category = "dev"
description = "Filesystem events monitoring"
name = "watchdog"
optional = false
python-versions = "*"
version = "0.9.0"

[package.dependencies]
PyYAML = ">=3.10"
argh = ">=0.24.1"
pathtools = ">=0.1.1"

[[package]]
category = "dev"
description = "Measures number of Terminal column cells of wide-character codes"
name = "wcwidth"
optional = false
python-versions = "*"
version = "0.1.7"

[[package]]
category = "dev"
description = "Backport of pathlib-compatible object wrapper for zip files"
marker = "python_version < \"3.8\""
name = "zipp"
optional = false
python-versions = ">=2.7"
version = "0.6.0"

[package.dependencies]
more-itertools = "*"

[metadata]
content-hash = "f68d83120741e268c91deea90eadd89974b3b045013fe983e997c3c5daa72960"
python-versions = "^3.6"

[metadata.hashes]
argh = ["a9b3aaa1904eeb78e32394cd46c6f37ac0fb4af6dc488daa58971bdc7d7fcaf3", "e9535b8c84dc9571a48999094fda7f33e63c3f1b74f3e5f3ac0105a58405bb65"]
"aspy.yaml" = ["463372c043f70160a9ec950c3f1e4c3a82db5fca01d334b6bc89c7164d744bdc", "e7c742382eff2caed61f87a39d13f99109088e5e93f04d76eb8d4b28aa143f45"]
atomicwrites = ["03472c30eb2c5d1ba9227e4c2ca66ab8287fbfbbda3888aa93dc2e28fc6811b4", "75a9445bac02d8d058d5e1fe689654ba5a6556a1dfd8ce6ec55a0ed79866cfa6"]
attrs = ["08a96c641c3a74e44eb59afb61a24f2cb9f4d7188748e76ba4bb5edfa3cb7d1c", "f7b7ce16570fe9965acd6d30101a28f62fb4a7f9e926b3bbc9b61f8b04247e72"]
bumpversion = ["6744c873dd7aafc24453d8b6a1a0d6d109faf63cd0cd19cb78fd46e74932c77e", "6753d9ff3552013e2130f7bc03c1007e24473b4835952679653fb132367bdd57"]
certifi = ["017c25db2a153ce562900032d5bc68e9f191e44e9a0f762f373977de9df1fbb3", "25b64c7da4cd7479594d035c08c2d809eb4aab3a26e5a990ea98cc450c320f1f"]
cfgv = ["edb387943b665bf9c434f717bf630fa78aecd53d5900d2e05da6ad6048553144", "fbd93c9ab0a523bf7daec408f3be2ed99a980e20b2d19b50fc184ca6b820d289"]
chardet = ["84ab92ed1c4d4f16916e05906b6b75a6c0fb5db821cc65e70cbd64a3e2a5eaae", "fc323ffcaeaed0e0a02bf4d117757b98aed530d9ed4531e3e15460124c106691"]
click = ["2335065e6395b9e67ca716de5f7526736bfa6ceead690adf616d925bdc622b13", "5b94b49521f6456670fdb30cd82a4eca9412788a93fa6dd6df72c94d5a8ff2d7"]
colorama = ["7d73d2a99753107a36ac6b455ee49046802e59d9d076ef8e47b61499fa29afff", "e96da0d330793e2cb9485e9ddfd918d456036c7149416295932478192f4436a1"]
coverage = ["0101888bd1592a20ccadae081ba10e8b204d20235d18d05c6f7d5e904a38fc10", "04b961862334687549eb91cd5178a6fbe977ad365bddc7c60f2227f2f9880cf4", "1ca43dbd739c0fc30b0a3637a003a0d2c7edc1dd618359d58cc1e211742f8bd1", "1cbb88b34187bdb841f2599770b7e6ff8e259dc3bb64fc7893acf44998acf5f8", "232f0b52a5b978288f0bbc282a6c03fe48cd19a04202df44309919c142b3bb9c", "24bcfa86fd9ce86b73a8368383c39d919c497a06eebb888b6f0c12f13e920b1a", "25b8f60b5c7da71e64c18888f3067d5b6f1334b9681876b2fb41eea26de881ae", "2714160a63da18aed9340c70ed514973971ee7e665e6b336917ff4cca81a25b1", "2ca2cd5264e84b2cafc73f0045437f70c6378c0d7dbcddc9ee3fe192c1e29e5d", "2cc707fc9aad2592fc686d63ef72dc0031fc98b6fb921d2f5395d9ab84fbc3ef", "348630edea485f4228233c2f310a598abf8afa5f8c716c02a9698089687b6085", "40fbfd6b044c9db13aeec1daf5887d322c710d811f944011757526ef6e323fd9", "46c9c6a1d1190c0b75ec7c0f339088309952b82ae8d67a79ff1319eb4e749b96", "591506e088901bdc25620c37aec885e82cc896528f28c57e113751e3471fc314", "5ac71bba1e07eab403b082c4428f868c1c9e26a21041436b4905c4c3d4e49b08", "5f622f19abda4e934938e24f1d67599249abc201844933a6f01aaa8663094489", "65bead1ac8c8930cf92a1ccaedcce19a57298547d5d1db5c9d4d068a0675c38b", "7362a7f829feda10c7265b553455de596b83d1623b3d436b6d3c51c688c57bf6", "7f2675750c50151f806070ec11258edf4c328340916c53bac0adbc465abd6b1e", "960d7f42277391e8b1c0b0ae427a214e1b31a1278de6b73f8807b20c2e913bba", "a50b0888d8a021a3342d36a6086501e30de7d840ab68fca44913e97d14487dc1", "b7dbc5e8c39ea3ad3db22715f1b5401cd698a621218680c6daf42c2f9d36e205", "bb3d29df5d07d5399d58a394d0ef50adf303ab4fbf66dfd25b9ef258effcb692", "c0fff2733f7c2950f58a4fd09b5db257b00c6fec57bf3f68c5bae004d804b407", "c792d3707a86c01c02607ae74364854220fb3e82735f631cd0a345dea6b4cee5", "c90bda74e16bcd03861b09b1d37c0a4158feda5d5a036bb2d6e58de6ff65793e", "cfce79ce41cc1a1dc7fc85bb41eeeb32d34a4cf39a645c717c0550287e30ff06", "eeafb646f374988c22c8e6da5ab9fb81367ecfe81c70c292623373d2a021b1a1", "f425f50a6dd807cb9043d15a4fcfba3b5874a54d9587ccbb748899f70dc18c47", "fcd4459fe35a400b8f416bc57906862693c9f88b66dc925e7f2a933e77f6b18b", "ff3936dd5feaefb4f91c8c1f50a06c588b5dc69fba4f7d9c79a6617ad80bb7df"]
docopt = ["49b3a825280bd66b3aa83585ef59c4a8c82f2c8a522dbe754a8bc8d08c85c491"]
"giturlparse.py" = ["adf4db14a98e31a18d8e55f4c295322f91a1c03d080f71b104a534d74eb3c1eb"]
haikunator = ["66f68b15345b279f78a5fffd4ab56cfb19a9dbb1f41b7f442472efd4cb83458e", "91ee3949a3a613cac037ddde0b16b17062e248376b11491436e49d5ddc75ff9b"]
htmlmin = ["50c1ef4630374a5d723900096a961cff426dff46b48f34d194a81bbe14eca178"]
identify = ["6f44e637caa40d1b4cb37f6ed3b262ede74901d28b1cc5b1fc07360871edd65d", "72e9c4ed3bc713c7045b762b0d2e2115c572b85abfc1f4604f5a4fd4c6642b71"]
idna = ["c357b3f628cf53ae2c4c05627ecc484553142ca23264e593d327bcde5e9c3407", "ea8b7f6188e6fa117537c3df7da9fc686d485087abf6ac197f9c46432f7e4a3c"]
importlib-metadata = ["073a852570f92da5f744a3472af1b61e28e9f78ccf0c9117658dc32b15de7b45", "d95141fbfa7ef2ec65cfd945e2af7e5a6ddbd7c8d9a25e66ff3be8e3daf9f60f"]
importlib-resources = ["6e2783b2538bd5a14678284a3962b0660c715e5a0f10243fd5e00a4b5974f50b", "d3279fd0f6f847cced9f7acc19bd3e5df54d34f93a2e7bb5f238f81545787078"]
inflection = ["18ea7fb7a7d152853386523def08736aa8c32636b047ade55f7578c4edeb16ca"]
jinja2 = ["74320bb91f31270f9551d46522e33af46a80c3d619f4a4bf42b3164d30b5911f", "9fe95f19286cfefaa917656583d020be14e7859c6b0252588391e47db34527de"]
jsmin = ["b6df99b2cd1c75d9d342e4335b535789b8da9107ec748212706ef7bbe5c2553b"]
livereload = ["78d55f2c268a8823ba499305dcac64e28ddeb9a92571e12d543cd304faf5817b", "89254f78d7529d7ea0a3417d224c34287ebfe266b05e67e51facaf82c27f0f66"]
mako = ["a36919599a9b7dc5d86a7a8988f23a9a3a3d083070023bab23d64f7f1d1e0a4b"]
markdown = ["2e50876bcdd74517e7b71f3e7a76102050edec255b3983403f1a63e7c8a41e7a", "56a46ac655704b91e5b7e6326ce43d5ef72411376588afa1dd90e881b83c7e8c"]
markdown-include = ["72a45461b589489a088753893bc95c5fa5909936186485f4ed55caa57d10250f"]
markupsafe = ["00bc623926325b26bb9605ae9eae8a215691f33cae5df11ca5424f06f2d1f473", "09027a7803a62ca78792ad89403b1b7a73a01c8cb65909cd876f7fcebd79b161", "09c4b7f37d6c648cb13f9230d847adf22f8171b1ccc4d5682398e77f40309235", "1027c282dad077d0bae18be6794e6b6b8c91d58ed8a8d89a89d59693b9131db5", "24982cc2533820871eba85ba648cd53d8623687ff11cbb805be4ff7b4c971aff", "29872e92839765e546828bb7754a68c418d927cd064fd4708fab9fe9c8bb116b", "43a55c2930bbc139570ac2452adf3d70cdbb3cfe5912c71cdce1c2c6bbd9c5d1", "46c99d2de99945ec5cb54f23c8cd5689f6d7177305ebff350a58ce5f8de1669e", "500d4957e52ddc3351cabf489e79c91c17f6e0899158447047588650b5e69183", "535f6fc4d397c1563d08b88e485c3496cf5784e927af890fb3c3aac7f933ec66", "62fe6c95e3ec8a7fad637b7f3d372c15ec1caa01ab47926cfdf7a75b40e0eac1", "6dd73240d2af64df90aa7c4e7481e23825ea70af4b4922f8ede5b9e35f78a3b1", "717ba8fe3ae9cc0006d7c451f0bb265ee07739daf76355d06366154ee68d221e", "79855e1c5b8da654cf486b830bd42c06e8780cea587384cf6545b7d9ac013a0b", "7c1699dfe0cf8ff607dbdcc1e9b9af1755371f92a68f706051cc8c37d447c905", "88e5fcfb52ee7b911e8bb6d6aa2fd21fbecc674eadd44118a9cc3863f938e735", "8defac2f2ccd6805ebf65f5eeb132adcf2ab57aa11fdf4c0dd5169a004710e7d", "98c7086708b163d425c67c7a91bad6e466bb99d797aa64f965e9d25c12111a5e", "9add70b36c5666a2ed02b43b335fe19002ee5235efd4b8a89bfcf9005bebac0d", "9bf40443012702a1d2070043cb6291650a0841ece432556f784f004937f0f32c", "ade5e387d2ad0d7ebf59146cc00c8044acbd863725f887353a10df825fc8ae21", "b00c1de48212e4cc9603895652c5c410df699856a2853135b3967591e4beebc2", "b1282f8c00509d99fef04d8ba936b156d419be841854fe901d8ae224c59f0be5", "b2051432115498d3562c084a49bba65d97cf251f5a331c64a12ee7e04dacc51b", "ba59edeaa2fc6114428f1637ffff42da1e311e29382d81b339c1817d37ec93c6", "c8716a48d94b06bb3b2524c2b77e055fb313aeb4ea620c8dd03a105574ba704f", "cd5df75523866410809ca100dc9681e301e3c27567cf498077e8551b6d20e42f", "e249096428b3ae81b08327a63a485ad0878de3fb939049038579ac0ef61e17e7"]
mkdocs = ["17d34329aad75d5de604b9ed4e31df3a4d235afefdc46ce7b1964fddb2e1e939", "8cc8b38325456b9e942c981a209eaeb1e9f3f77b493ad755bfef889b9c8d356a"]
mkdocs-material = ["89a8e2527ca8426c40f2213ce53513f73f54d0a32b36aef33fde6849d294e9ec", "b21aa2645ccb11442ea381c92d187bbc94127f50702c0d28c3fc0152fa7b29da"]
mkdocs-minify-plugin = ["3000a5069dd0f42f56a8aaf7fd5ea1222c67487949617e39585d6b6434b074b6", "d54fdd5be6843dd29fd7af2f7fdd20a9eb4db46f1f6bed914e03b2f58d2d488e"]
more-itertools = ["b84b238cce0d9adad5ed87e745778d20a3f8487d0f0cb8b8a586816c7496458d", "c833ef592a0324bcc6a60e48440da07645063c453880c9477ceb22490aec1564"]
nodeenv = ["ad8259494cf1c9034539f6cced78a1da4840a4b157e23640bc4a0c0546b0cb7a"]
packaging = ["28b924174df7a2fa32c1953825ff29c61e2f5e082343165438812f00d3a7fc47", "d9551545c6d761f3def1677baf08ab2a3ca17c56879e70fecba2fc4dde4ed108"]
pathtools = ["7c35c5421a39bb82e58018febd90e3b6e5db34c5443aaaf742b3f33d4655f1c0"]
pdoc3 = ["85cbb0de17d1306157d19b08b67ad84817098c12ad9f92ec203b79d0307b6a25"]
pep562 = ["58cb1cc9ee63d93e62b4905a50357618d526d289919814bea1f0da8f53b79395", "d2a48b178ebf5f8dd31709cc26a19808ef794561fa2fe50ea01ea2bad4d667ef"]
pluggy = ["15b2acde666561e1298d71b523007ed7364de07029219b604cf808bfa1c765b0", "966c145cd83c96502c3c3868f50408687b38434af77734af1e9ca461a4081d2d"]
plumbum = ["600f99e1736f314b52d823aa5d3b73db9a7a6d5b5dc22303410c1a7d6f3e569c", "8571f2f9657e00dc22549d9e92db3fdec5674bf509fe60c5c9b4081fd8f6ab92"]
pre-commit = ["9f152687127ec90642a2cc3e4d9e1e6240c4eb153615cb02aa1ad41d331cbb6e", "c2e4810d2d3102d354947907514a78c5d30424d299dc0fe48f5aa049826e9b50"]
py = ["64f65755aee5b381cea27766a3a147c3f15b9b6b9ac88676de66ba2ae36793fa", "dc639b046a6e2cff5bbe40194ad65936d6ba360b52b3c3fe1d08a82dd50b5e53"]
pygments = ["2a3fe295e54a20164a9df49c75fa58526d3be48e14aceba6d6b1e8ac0bfd6f1b", "98c8aa5a9f778fcd1026a17361ddaf7330d1b7c62ae97c3bb0ae73e0b9b6b0fe"]
pymdown-extensions = ["3bbe6048275f8a0d13a0fe44e0ea201e67268aa7bb40c2544eef16abbf168f7b", "dce5e17b93be0572322b7d06c9a13c13a9d98694d6468277911d50ca87d26f29"]
pyparsing = ["4c830582a84fb022400b85429791bc551f1f4871c33f23e44f353119e92f969f", "c342dccb5250c08d45fd6f8b4a559613ca603b57498511740e65cd11a2e7dcec"]
pytest = ["6b571215b5a790f9b41f19f3531c53a45cf6bb8ef2988bc1ff9afb38270b25fa", "e41d489ff43948babd0fad7ad5e49b8735d5d55e26628a58673c39ff61d95de4"]
pytest-cov = ["cc6742d8bac45070217169f5f72ceee1e0e55b0221f54bcf24845972d3a47f2b", "cdbdef4f870408ebdbfeb44e63e07eb18bb4619fae852f6e760645fa36172626"]
pytest-html = ["06e7e13131649b4fe522cf04054efb7b4749ff2c7160755e4acfd8e89a7e5955", "f0fae6de71f02f62f9460f628d0c5f70b0cdc86bb393239860c7dec70fd2973d"]
pytest-md = ["3b248d5b360ea5198e05b4f49c7442234812809a63137ec6cdd3643a40cf0112", "4c4cd16fea6d1485e87ee254558712c804a96d2aa9674b780e7eb8fb6526e1d1"]
pytest-metadata = ["2071a59285de40d7541fde1eb9f1ddea1c9db165882df82781367471238b66ba", "c29a1fb470424926c63154c1b632c02585f2ba4282932058a71d35295ff8c96d"]
pytest-mock = ["67e414b3caef7bff6fc6bd83b22b5bc39147e4493f483c2679bc9d4dc485a94d", "e24a911ec96773022ebcc7030059b57cd3480b56d4f5d19b7c370ec635e6aed5"]
pytest-watch = ["06136f03d5b361718b8d0d234042f7b2f203910d8568f63df2f866b547b3d4b9"]
pyyaml = ["0e7f69397d53155e55d10ff68fdfb2cf630a35e6daf65cf0bdeaf04f127c09dc", "2e9f0b7c5914367b0916c3c104a024bb68f269a486b9d04a2e8ac6f6597b7803", "35ace9b4147848cafac3db142795ee42deebe9d0dad885ce643928e88daebdcc", "38a4f0d114101c58c0f3a88aeaa44d63efd588845c5a2df5290b73db8f246d15", "483eb6a33b671408c8529106df3707270bfacb2447bf8ad856a4b4f57f6e3075", "4b6be5edb9f6bb73680f5bf4ee08ff25416d1400fbd4535fe0069b2994da07cd", "7f38e35c00e160db592091751d385cd7b3046d6d51f578b29943225178257b31", "8100c896ecb361794d8bfdb9c11fce618c7cf83d624d73d5ab38aef3bc82d43f", "c0ee8eca2c582d29c3c2ec6e2c4f703d1b7f1fb10bc72317355a746057e7346c", "e4c015484ff0ff197564917b4b4246ca03f411b9bd7f16e02a2f586eb48b6d04", "ebc4ed52dcc93eeebeae5cf5deb2ae4347b3a81c3fa12b0b8c976544829396a4"]
requests = ["11e007a8a2aa0323f5a921e9e6a2d7e4e67d9877e85773fba9ba6419025cbeb4", "9cf5292fcd0f598c671cfc1e0d7d1a7f13bb8085e9a590f48c010551dc6c4b31"]
requests-cache = ["813023269686045f8e01e2289cc1e7e9ae5ab22ddd1e2849a9093ab3ab7270eb", "81e13559baee64677a7d73b85498a5a8f0639e204517b5d05ff378e44a57831a"]
responses = ["515fd7c024097e5da76e9c4cf719083d181f1c3ddc09c2e0e49284ce863dd263", "8ce8cb4e7e1ad89336f8865af152e0563d2e7f0e0b86d2cf75f015f819409243"]
semantic-version = ["352459f640f3db86551d8054d1288608b29a96e880c7746f0a59c92879d412a3", "4eedff095ecdd7790a9e6d7130d49250209e0c7bf6741423c4a4017d9bac4c04"]
six = ["1f1b7d42e254082a9db6279deae68afb421ceba6158efa6131de7b3003ee93fd", "30f610279e8b2578cab6db20741130331735c781b56053c59c4076da27f06b66"]
toml = ["229f81c57791a41d65e399fc06bf0848bab550a9dfd5ed66df18ce5f05e73d5c", "235682dd292d5899d361a811df37e04a8828a5b1da3115886b73cf81ebc9100e", "f1db651f9657708513243e61e6cc67d101a39bad662eaa9b5546f789338e07a3"]
tornado = ["349884248c36801afa19e342a77cc4458caca694b0eda633f5878e458a44cb2c", "398e0d35e086ba38a0427c3b37f4337327231942e731edaa6e9fd1865bbd6f60", "4e73ef678b1a859f0cb29e1d895526a20ea64b5ffd510a2307b5998c7df24281", "559bce3d31484b665259f50cd94c5c28b961b09315ccd838f284687245f416e5", "abbe53a39734ef4aba061fca54e30c6b4639d3e1f59653f0da37a0003de148c7", "c845db36ba616912074c5b1ee897f8e0124df269468f25e4fe21fe72f6edd7a9", "c9399267c926a4e7c418baa5cbe91c7d1cf362d505a1ef898fde44a07c9dd8a5"]
uritemplate = ["07620c3f3f8eed1f12600845892b0e036a2420acf513c53f7de0abd911a5894f", "5af8ad10cec94f215e3f48112de2022e1d5a37ed427fbd88652fa908f2ab7cae"]
urllib3 = ["a8a318824cc77d1fd4b2bec2ded92646630d7fe8619497b142c84a9e6f5a7293", "f3c5fd51747d450d4dcf6f923c81f78f811aab8205fda64b0aba34a4e48b0745"]
virtualenv = ["0d62c70883c0342d59c11d0ddac0d954d0431321a41ab20851facf2b222598f3", "55059a7a676e4e19498f1aad09b8313a38fcc0cdbe4fdddc0e9b06946d21b4bb"]
watchdog = ["965f658d0732de3188211932aeb0bb457587f04f63ab4c1e33eab878e9de961d"]
wcwidth = ["3df37372226d6e63e1b1e1eda15c594bca98a22d33a23832a90998faa96bc65e", "f4ebe71925af7b40a864553f761ed559b43544f8f71746c2d756c7fe788ade7c"]
zipp = ["3718b1cbcd963c7d4c5511a8240812904164b7f381b647143a89d3b98f9bcd8e", "f06903e9f1f43b12d371004b4ac7b06ab39a44adc747266928ae6debfa7b3335"]
